
Microsoft Visual Studio Solution File, Format Version 12.00
# Visual Studio 2013
VisualStudioVersion = 12.0.40629.0
MinimumVisualStudioVersion = 10.0.40219.1
Project("{FAE04EC0-301F-11D3-BF4B-00C04F79EFBC}") = "DemoApplication", "DemoApplication.csproj", "{9CFC7B25-F820-412B-91AB-254F03ED1B95}"
EndProject
Project("{FAE04EC0-301F-11D3-BF4B-00C04F79EFBC}") = "DemoApplicationTest", "..\DemoApplicationTest\DemoApplicationTest.csproj", "{B3F4EA4A-FDE6-4406-B887-AB0EC9F99840}"
EndProject
Project("{FAE04EC0-301F-11D3-BF4B-00C04F79EFBC}") = "BusinessLogic", "BusinessLogic\BusinessLogic.csproj", "{57A2E8D4-8464-4BE7-9E49-F2D7210FC0F7}"
EndProject
Global
	GlobalSection(SolutionConfigurationPlatforms) = preSolution
		Debug|Any CPU = Debug|Any CPU
		Release|Any CPU = Release|Any CPU
	EndGlobalSection
	GlobalSection(ProjectConfigurationPlatforms) = postSolution
		{9CFC7B25-F820-412B-91AB-254F03ED1B95}.Debug|Any CPU.ActiveCfg = Debug|Any CPU
		{9CFC7B25-F820-412B-91AB-254F03ED1B95}.Debug|Any CPU.Build.0 = Debug|Any CPU
		{9CFC7B25-F820-412B-91AB-254F03ED1B95}.Release|Any CPU.ActiveCfg = Release|Any CPU
		{9CFC7B25-F820-412B-91AB-254F03ED1B95}.Release|Any CPU.Build.0 = Release|Any CPU
		{B3F4EA4A-FDE6-4406-B887-AB0EC9F99840}.Debug|Any CPU.ActiveCfg = Debug|Any CPU
		{B3F4EA4A-FDE6-4406-B887-AB0EC9F99840}.Debug|Any CPU.Build.0 = Debug|Any CPU
		{B3F4EA4A-FDE6-4406-B887-AB0EC9F99840}.Release|Any CPU.ActiveCfg = Release|Any CPU
		{B3F4EA4A-FDE6-4406-B887-AB0EC9F99840}.Release|Any CPU.Build.0 = Release|Any CPU
		{57A2E8D4-8464-4BE7-9E49-F2D7210FC0F7}.Debug|Any CPU.ActiveCfg = Debug|Any CPU
		{57A2E8D4-8464-4BE7-9E49-F2D7210FC0F7}.Debug|Any CPU.Build.0 = Debug|Any CPU
		{57A2E8D4-8464-4BE7-9E49-F2D7210FC0F7}.Release|Any CPU.ActiveCfg = Release|Any CPU
		{57A2E8D4-8464-4BE7-9E49-F2D7210FC0F7}.Release|Any CPU.Build.0 = Release|Any CPU
	EndGlobalSection
	GlobalSection(SolutionProperties) = preSolution
		HideSolutionNode = FALSE
	EndGlobalSection
EndGlobal
